
Microsoft Visual Studio Solution File, Format Version 12.00
# Visual Studio Version 17
VisualStudioVersion = 17.3.32825.248
MinimumVisualStudioVersion = 10.0.40219.1
Project("{FAE04EC0-301F-11D3-BF4B-00C04F79EFBC}") = "Assignment1", "Assignment1\Assignment1.csproj", "{C31C542D-E80A-4C32-BACE-212867F5DF2F}"
EndProject
Project("{FAE04EC0-301F-11D3-BF4B-00C04F79EFBC}") = "Assignment1Tests", "Assignment1Tests\Assignment1Tests.csproj", "{DAF3BCC5-939A-41B0-83C1-4EC6BAA03DEF}"
EndProject
Global
	GlobalSection(SolutionConfigurationPlatforms) = preSolution
		Debug|Any CPU = Debug|Any CPU
		Release|Any CPU = Release|Any CPU
	EndGlobalSection
	GlobalSection(ProjectConfigurationPlatforms) = postSolution
		{C31C542D-E80A-4C32-BACE-212867F5DF2F}.Debug|Any CPU.ActiveCfg = Debug|Any CPU
		{C31C542D-E80A-4C32-BACE-212867F5DF2F}.Debug|Any CPU.Build.0 = Debug|Any CPU
		{C31C542D-E80A-4C32-BACE-212867F5DF2F}.Release|Any CPU.ActiveCfg = Release|Any CPU
		{C31C542D-E80A-4C32-BACE-212867F5DF2F}.Release|Any CPU.Build.0 = Release|Any CPU
		{DAF3BCC5-939A-41B0-83C1-4EC6BAA03DEF}.Debug|Any CPU.ActiveCfg = Debug|Any CPU
		{DAF3BCC5-939A-41B0-83C1-4EC6BAA03DEF}.Debug|Any CPU.Build.0 = Debug|Any CPU
		{DAF3BCC5-939A-41B0-83C1-4EC6BAA03DEF}.Release|Any CPU.ActiveCfg = Release|Any CPU
		{DAF3BCC5-939A-41B0-83C1-4EC6BAA03DEF}.Release|Any CPU.Build.0 = Release|Any CPU
	EndGlobalSection
	GlobalSection(SolutionProperties) = preSolution
		HideSolutionNode = FALSE
	EndGlobalSection
	GlobalSection(ExtensibilityGlobals) = postSolution
		SolutionGuid = {7CAC93C9-C20D-48CE-BE1D-A4932DDE609D}
	EndGlobalSection
EndGlobal
